
Microsoft Visual Studio Solution File, Format Version 12.00
# Visual Studio Version 16
VisualStudioVersion = 16.0.28803.352
MinimumVisualStudioVersion = 10.0.40219.1
Project("{FAE04EC0-301F-11D3-BF4B-00C04F79EFBC}") = "5119-FT03", "5119-FT03\5119-FT03.csproj", "{1D40BDF1-DB04-424B-A264-E430B92D052B}"
EndProject
Global
	GlobalSection(SolutionConfigurationPlatforms) = preSolution
		Debug|Any CPU = Debug|Any CPU
		Release|Any CPU = Release|Any CPU
	EndGlobalSection
	GlobalSection(ProjectConfigurationPlatforms) = postSolution
		{1D40BDF1-DB04-424B-A264-E430B92D052B}.Debug|Any CPU.ActiveCfg = Debug|Any CPU
		{1D40BDF1-DB04-424B-A264-E430B92D052B}.Debug|Any CPU.Build.0 = Debug|Any CPU
		{1D40BDF1-DB04-424B-A264-E430B92D052B}.Release|Any CPU.ActiveCfg = Release|Any CPU
		{1D40BDF1-DB04-424B-A264-E430B92D052B}.Release|Any CPU.Build.0 = Release|Any CPU
	EndGlobalSection
	GlobalSection(SolutionProperties) = preSolution
		HideSolutionNode = FALSE
	EndGlobalSection
	GlobalSection(ExtensibilityGlobals) = postSolution
		SolutionGuid = {2F204B4F-B36F-4FB5-9510-52A0004D6468}
	EndGlobalSection
EndGlobal
